
Microsoft Visual Studio Solution File, Format Version 12.00
# Visual Studio Version 16
VisualStudioVersion = 16.0.30914.41
MinimumVisualStudioVersion = 10.0.40219.1
Project("{2150E333-8FDC-42A3-9474-1A3956D46DE8}") = "Platforms", "Platforms", "{9C935FEA-E11D-4C1F-A16C-6EC6EF544C62}"
EndProject
Project("{FAE04EC0-301F-11D3-BF4B-00C04F79EFBC}") = "UnoTest.Droid", "UnoTest.Droid\UnoTest.Droid.csproj", "{5AA4C306-C79C-442E-94E2-06CD4F5D14E7}"
EndProject
Project("{FAE04EC0-301F-11D3-BF4B-00C04F79EFBC}") = "UnoTest.iOS", "UnoTest.iOS\UnoTest.iOS.csproj", "{E674D045-7C60-47AC-A531-BAAAFFD26840}"
EndProject
Project("{FAE04EC0-301F-11D3-BF4B-00C04F79EFBC}") = "UnoTest.UWP", "UnoTest.UWP\UnoTest.UWP.csproj", "{B6F7D1F0-D460-43EA-82B7-5FE43CDF8680}"
EndProject
Project("{9A19103F-16F7-4668-BE54-9A1E7A4F7556}") = "UnoTest.Wasm", "UnoTest.Wasm\UnoTest.Wasm.csproj", "{351684E9-0BDD-4EDE-B031-AA92D586B67C}"
EndProject
Project("{FAE04EC0-301F-11D3-BF4B-00C04F79EFBC}") = "UnoTest.macOS", "UnoTest.macOS\UnoTest.macOS.csproj", "{5C1CAEC6-2F9B-4A14-8B3F-90D16B579F0A}"
EndProject
Project("{D954291E-2A0B-460D-934E-DC6B0785DB48}") = "UnoTest.Shared", "UnoTest.Shared\UnoTest.Shared.shproj", "{6279C845-92F8-4333-AB99-3D213163593C}"
EndProject
Global
	GlobalSection(SharedMSBuildProjectFiles) = preSolution
		UnoTest.Shared\UnoTest.Shared.projitems*{351684e9-0bdd-4ede-b031-aa92d586b67c}*SharedItemsImports = 5
		UnoTest.Shared\UnoTest.Shared.projitems*{5aa4c306-c79c-442e-94e2-06cd4f5d14e7}*SharedItemsImports = 4
		UnoTest.Shared\UnoTest.Shared.projitems*{5c1caec6-2f9b-4a14-8b3f-90d16b579f0a}*SharedItemsImports = 4
		UnoTest.Shared\UnoTest.Shared.projitems*{6279c845-92f8-4333-ab99-3d213163593c}*SharedItemsImports = 13
		UnoTest.Shared\UnoTest.Shared.projitems*{b6f7d1f0-d460-43ea-82b7-5fe43cdf8680}*SharedItemsImports = 4
		UnoTest.Shared\UnoTest.Shared.projitems*{e674d045-7c60-47ac-a531-baaaffd26840}*SharedItemsImports = 4
	EndGlobalSection
	GlobalSection(SolutionConfigurationPlatforms) = preSolution
		Ad-Hoc|Any CPU = Ad-Hoc|Any CPU
		Ad-Hoc|ARM = Ad-Hoc|ARM
		Ad-Hoc|ARM64 = Ad-Hoc|ARM64
		Ad-Hoc|iPhone = Ad-Hoc|iPhone
		Ad-Hoc|iPhoneSimulator = Ad-Hoc|iPhoneSimulator
		Ad-Hoc|x64 = Ad-Hoc|x64
		Ad-Hoc|x86 = Ad-Hoc|x86
		AppStore|Any CPU = AppStore|Any CPU
		AppStore|ARM = AppStore|ARM
		AppStore|ARM64 = AppStore|ARM64
		AppStore|iPhone = AppStore|iPhone
		AppStore|iPhoneSimulator = AppStore|iPhoneSimulator
		AppStore|x64 = AppStore|x64
		AppStore|x86 = AppStore|x86
		Debug|Any CPU = Debug|Any CPU
		Debug|ARM = Debug|ARM
		Debug|ARM64 = Debug|ARM64
		Debug|iPhone = Debug|iPhone
		Debug|iPhoneSimulator = Debug|iPhoneSimulator
		Debug|x64 = Debug|x64
		Debug|x86 = Debug|x86
		Release|Any CPU = Release|Any CPU
		Release|ARM = Release|ARM
		Release|ARM64 = Release|ARM64
		Release|iPhone = Release|iPhone
		Release|iPhoneSimulator = Release|iPhoneSimulator
		Release|x64 = Release|x64
		Release|x86 = Release|x86
	EndGlobalSection
	GlobalSection(ProjectConfigurationPlatforms) = postSolution
		{5AA4C306-C79C-442E-94E2-06CD4F5D14E7}.Ad-Hoc|Any CPU.ActiveCfg = Debug|Any CPU
		{5AA4C306-C79C-442E-94E2-06CD4F5D14E7}.Ad-Hoc|Any CPU.Build.0 = Debug|Any CPU
		{5AA4C306-C79C-442E-94E2-06CD4F5D14E7}.Ad-Hoc|Any CPU.Deploy.0 = Debug|Any CPU
		{5AA4C306-C79C-442E-94E2-06CD4F5D14E7}.Ad-Hoc|ARM.ActiveCfg = Debug|Any CPU
		{5AA4C306-C79C-442E-94E2-06CD4F5D14E7}.Ad-Hoc|ARM.Build.0 = Debug|Any CPU
		{5AA4C306-C79C-442E-94E2-06CD4F5D14E7}.Ad-Hoc|ARM.Deploy.0 = Debug|Any CPU
		{5AA4C306-C79C-442E-94E2-06CD4F5D14E7}.Ad-Hoc|ARM64.ActiveCfg = Debug|Any CPU
		{5AA4C306-C79C-442E-94E2-06CD4F5D14E7}.Ad-Hoc|ARM64.Build.0 = Debug|Any CPU
		{5AA4C306-C79C-442E-94E2-06CD4F5D14E7}.Ad-Hoc|ARM64.Deploy.0 = Debug|Any CPU
		{5AA4C306-C79C-442E-94E2-06CD4F5D14E7}.Ad-Hoc|iPhone.ActiveCfg = Debug|Any CPU
		{5AA4C306-C79C-442E-94E2-06CD4F5D14E7}.Ad-Hoc|iPhone.Build.0 = Debug|Any CPU
		{5AA4C306-C79C-442E-94E2-06CD4F5D14E7}.Ad-Hoc|iPhone.Deploy.0 = Debug|Any CPU
		{5AA4C306-C79C-442E-94E2-06CD4F5D14E7}.Ad-Hoc|iPhoneSimulator.ActiveCfg = Debug|Any CPU
		{5AA4C306-C79C-442E-94E2-06CD4F5D14E7}.Ad-Hoc|iPhoneSimulator.Build.0 = Debug|Any CPU
		{5AA4C306-C79C-442E-94E2-06CD4F5D14E7}.Ad-Hoc|iPhoneSimulator.Deploy.0 = Debug|Any CPU
		{5AA4C306-C79C-442E-94E2-06CD4F5D14E7}.Ad-Hoc|x64.ActiveCfg = Debug|Any CPU
		{5AA4C306-C79C-442E-94E2-06CD4F5D14E7}.Ad-Hoc|x64.Build.0 = Debug|Any CPU
		{5AA4C306-C79C-442E-94E2-06CD4F5D14E7}.Ad-Hoc|x64.Deploy.0 = Debug|Any CPU
		{5AA4C306-C79C-442E-94E2-06CD4F5D14E7}.Ad-Hoc|x86.ActiveCfg = Debug|Any CPU
		{5AA4C306-C79C-442E-94E2-06CD4F5D14E7}.Ad-Hoc|x86.Build.0 = Debug|Any CPU
		{5AA4C306-C79C-442E-94E2-06CD4F5D14E7}.Ad-Hoc|x86.Deploy.0 = Debug|Any CPU
		{5AA4C306-C79C-442E-94E2-06CD4F5D14E7}.AppStore|Any CPU.ActiveCfg = Debug|Any CPU
		{5AA4C306-C79C-442E-94E2-06CD4F5D14E7}.AppStore|Any CPU.Build.0 = Debug|Any CPU
		{5AA4C306-C79C-442E-94E2-06CD4F5D14E7}.AppStore|Any CPU.Deploy.0 = Debug|Any CPU
		{5AA4C306-C79C-442E-94E2-06CD4F5D14E7}.AppStore|ARM.ActiveCfg = Debug|Any CPU
		{5AA4C306-C79C-442E-94E2-06CD4F5D14E7}.AppStore|ARM.Build.0 = Debug|Any CPU
		{5AA4C306-C79C-442E-94E2-06CD4F5D14E7}.AppStore|ARM.Deploy.0 = Debug|Any CPU
		{5AA4C306-C79C-442E-94E2-06CD4F5D14E7}.AppStore|ARM64.ActiveCfg = Debug|Any CPU
		{5AA4C306-C79C-442E-94E2-06CD4F5D14E7}.AppStore|ARM64.Build.0 = Debug|Any CPU
		{5AA4C306-C79C-442E-94E2-06CD4F5D14E7}.AppStore|ARM64.Deploy.0 = Debug|Any CPU
		{5AA4C306-C79C-442E-94E2-06CD4F5D14E7}.AppStore|iPhone.ActiveCfg = Debug|Any CPU
		{5AA4C306-C79C-442E-94E2-06CD4F5D14E7}.AppStore|iPhone.Build.0 = Debug|Any CPU
		{5AA4C306-C79C-442E-94E2-06CD4F5D14E7}.AppStore|iPhone.Deploy.0 = Debug|Any CPU
		{5AA4C306-C79C-442E-94E2-06CD4F5D14E7}.AppStore|iPhoneSimulator.ActiveCfg = Debug|Any CPU
		{5AA4C306-C79C-442E-94E2-06CD4F5D14E7}.AppStore|iPhoneSimulator.Build.0 = Debug|Any CPU
		{5AA4C306-C79C-442E-94E2-06CD4F5D14E7}.AppStore|iPhoneSimulator.Deploy.0 = Debug|Any CPU
		{5AA4C306-C79C-442E-94E2-06CD4F5D14E7}.AppStore|x64.ActiveCfg = Debug|Any CPU
		{5AA4C306-C79C-442E-94E2-06CD4F5D14E7}.AppStore|x64.Build.0 = Debug|Any CPU
		{5AA4C306-C79C-442E-94E2-06CD4F5D14E7}.AppStore|x64.Deploy.0 = Debug|Any CPU
		{5AA4C306-C79C-442E-94E2-06CD4F5D14E7}.AppStore|x86.ActiveCfg = Debug|Any CPU
		{5AA4C306-C79C-442E-94E2-06CD4F5D14E7}.AppStore|x86.Build.0 = Debug|Any CPU
		{5AA4C306-C79C-442E-94E2-06CD4F5D14E7}.AppStore|x86.Deploy.0 = Debug|Any CPU
		{5AA4C306-C79C-442E-94E2-06CD4F5D14E7}.Debug|Any CPU.ActiveCfg = Debug|Any CPU
		{5AA4C306-C79C-442E-94E2-06CD4F5D14E7}.Debug|Any CPU.Build.0 = Debug|Any CPU
		{5AA4C306-C79C-442E-94E2-06CD4F5D14E7}.Debug|Any CPU.Deploy.0 = Debug|Any CPU
		{5AA4C306-C79C-442E-94E2-06CD4F5D14E7}.Debug|ARM.ActiveCfg = Debug|Any CPU
		{5AA4C306-C79C-442E-94E2-06CD4F5D14E7}.Debug|ARM.Build.0 = Debug|Any CPU
		{5AA4C306-C79C-442E-94E2-06CD4F5D14E7}.Debug|ARM.Deploy.0 = Debug|Any CPU
		{5AA4C306-C79C-442E-94E2-06CD4F5D14E7}.Debug|ARM64.ActiveCfg = Debug|Any CPU
		{5AA4C306-C79C-442E-94E2-06CD4F5D14E7}.Debug|ARM64.Build.0 = Debug|Any CPU
		{5AA4C306-C79C-442E-94E2-06CD4F5D14E7}.Debug|ARM64.Deploy.0 = Debug|Any CPU
		{5AA4C306-C79C-442E-94E2-06CD4F5D14E7}.Debug|iPhone.ActiveCfg = Debug|Any CPU
		{5AA4C306-C79C-442E-94E2-06CD4F5D14E7}.Debug|iPhone.Build.0 = Debug|Any CPU
		{5AA4C306-C79C-442E-94E2-06CD4F5D14E7}.Debug|iPhone.Deploy.0 = Debug|Any CPU
		{5AA4C306-C79C-442E-94E2-06CD4F5D14E7}.Debug|iPhoneSimulator.ActiveCfg = Debug|Any CPU
		{5AA4C306-C79C-442E-94E2-06CD4F5D14E7}.Debug|iPhoneSimulator.Build.0 = Debug|Any CPU
		{5AA4C306-C79C-442E-94E2-06CD4F5D14E7}.Debug|iPhoneSimulator.Deploy.0 = Debug|Any CPU
		{5AA4C306-C79C-442E-94E2-06CD4F5D14E7}.Debug|x64.ActiveCfg = Debug|Any CPU
		{5AA4C306-C79C-442E-94E2-06CD4F5D14E7}.Debug|x64.Build.0 = Debug|Any CPU
		{5AA4C306-C79C-442E-94E2-06CD4F5D14E7}.Debug|x64.Deploy.0 = Debug|Any CPU
		{5AA4C306-C79C-442E-94E2-06CD4F5D14E7}.Debug|x86.ActiveCfg = Debug|Any CPU
		{5AA4C306-C79C-442E-94E2-06CD4F5D14E7}.Debug|x86.Build.0 = Debug|Any CPU
		{5AA4C306-C79C-442E-94E2-06CD4F5D14E7}.Debug|x86.Deploy.0 = Debug|Any CPU
		{5AA4C306-C79C-442E-94E2-06CD4F5D14E7}.Release|Any CPU.ActiveCfg = Release|Any CPU
		{5AA4C306-C79C-442E-94E2-06CD4F5D14E7}.Release|Any CPU.Build.0 = Release|Any CPU
		{5AA4C306-C79C-442E-94E2-06CD4F5D14E7}.Release|Any CPU.Deploy.0 = Release|Any CPU
		{5AA4C306-C79C-442E-94E2-06CD4F5D14E7}.Release|ARM.ActiveCfg = Release|Any CPU
		{5AA4C306-C79C-442E-94E2-06CD4F5D14E7}.Release|ARM.Build.0 = Release|Any CPU
		{5AA4C306-C79C-442E-94E2-06CD4F5D14E7}.Release|ARM.Deploy.0 = Release|Any CPU
		{5AA4C306-C79C-442E-94E2-06CD4F5D14E7}.Release|ARM64.ActiveCfg = Release|Any CPU
		{5AA4C306-C79C-442E-94E2-06CD4F5D14E7}.Release|ARM64.Build.0 = Release|Any CPU
		{5AA4C306-C79C-442E-94E2-06CD4F5D14E7}.Release|ARM64.Deploy.0 = Release|Any CPU
		{5AA4C306-C79C-442E-94E2-06CD4F5D14E7}.Release|iPhone.ActiveCfg = Release|Any CPU
		{5AA4C306-C79C-442E-94E2-06CD4F5D14E7}.Release|iPhone.Build.0 = Release|Any CPU
		{5AA4C306-C79C-442E-94E2-06CD4F5D14E7}.Release|iPhone.Deploy.0 = Release|Any CPU
		{5AA4C306-C79C-442E-94E2-06CD4F5D14E7}.Release|iPhoneSimulator.ActiveCfg = Release|Any CPU
		{5AA4C306-C79C-442E-94E2-06CD4F5D14E7}.Release|iPhoneSimulator.Build.0 = Release|Any CPU
		{5AA4C306-C79C-442E-94E2-06CD4F5D14E7}.Release|iPhoneSimulator.Deploy.0 = Release|Any CPU
		{5AA4C306-C79C-442E-94E2-06CD4F5D14E7}.Release|x64.ActiveCfg = Release|Any CPU
		{5AA4C306-C79C-442E-94E2-06CD4F5D14E7}.Release|x64.Build.0 = Release|Any CPU
		{5AA4C306-C79C-442E-94E2-06CD4F5D14E7}.Release|x64.Deploy.0 = Release|Any CPU
		{5AA4C306-C79C-442E-94E2-06CD4F5D14E7}.Release|x86.ActiveCfg = Release|Any CPU
		{5AA4C306-C79C-442E-94E2-06CD4F5D14E7}.Release|x86.Build.0 = Release|Any CPU
		{5AA4C306-C79C-442E-94E2-06CD4F5D14E7}.Release|x86.Deploy.0 = Release|Any CPU
		{E674D045-7C60-47AC-A531-BAAAFFD26840}.Ad-Hoc|Any CPU.ActiveCfg = Ad-Hoc|iPhoneSimulator
		{E674D045-7C60-47AC-A531-BAAAFFD26840}.Ad-Hoc|ARM.ActiveCfg = Ad-Hoc|iPhoneSimulator
		{E674D045-7C60-47AC-A531-BAAAFFD26840}.Ad-Hoc|ARM64.ActiveCfg = Ad-Hoc|iPhoneSimulator
		{E674D045-7C60-47AC-A531-BAAAFFD26840}.Ad-Hoc|iPhone.ActiveCfg = Ad-Hoc|iPhone
		{E674D045-7C60-47AC-A531-BAAAFFD26840}.Ad-Hoc|iPhone.Build.0 = Ad-Hoc|iPhone
		{E674D045-7C60-47AC-A531-BAAAFFD26840}.Ad-Hoc|iPhoneSimulator.ActiveCfg = Ad-Hoc|iPhoneSimulator
		{E674D045-7C60-47AC-A531-BAAAFFD26840}.Ad-Hoc|iPhoneSimulator.Build.0 = Ad-Hoc|iPhoneSimulator
		{E674D045-7C60-47AC-A531-BAAAFFD26840}.Ad-Hoc|x64.ActiveCfg = Ad-Hoc|iPhoneSimulator
		{E674D045-7C60-47AC-A531-BAAAFFD26840}.Ad-Hoc|x86.ActiveCfg = Ad-Hoc|iPhoneSimulator
		{E674D045-7C60-47AC-A531-BAAAFFD26840}.AppStore|Any CPU.ActiveCfg = AppStore|iPhoneSimulator
		{E674D045-7C60-47AC-A531-BAAAFFD26840}.AppStore|ARM.ActiveCfg = AppStore|iPhoneSimulator
		{E674D045-7C60-47AC-A531-BAAAFFD26840}.AppStore|ARM64.ActiveCfg = AppStore|iPhoneSimulator
		{E674D045-7C60-47AC-A531-BAAAFFD26840}.AppStore|iPhone.ActiveCfg = AppStore|iPhone
		{E674D045-7C60-47AC-A531-BAAAFFD26840}.AppStore|iPhone.Build.0 = AppStore|iPhone
		{E674D045-7C60-47AC-A531-BAAAFFD26840}.AppStore|iPhoneSimulator.ActiveCfg = AppStore|iPhoneSimulator
		{E674D045-7C60-47AC-A531-BAAAFFD26840}.AppStore|iPhoneSimulator.Build.0 = AppStore|iPhoneSimulator
		{E674D045-7C60-47AC-A531-BAAAFFD26840}.AppStore|x64.ActiveCfg = AppStore|iPhoneSimulator
		{E674D045-7C60-47AC-A531-BAAAFFD26840}.AppStore|x86.ActiveCfg = AppStore|iPhoneSimulator
		{E674D045-7C60-47AC-A531-BAAAFFD26840}.Debug|Any CPU.ActiveCfg = Debug|iPhoneSimulator
		{E674D045-7C60-47AC-A531-BAAAFFD26840}.Debug|Any CPU.Build.0 = Debug|iPhoneSimulator
		{E674D045-7C60-47AC-A531-BAAAFFD26840}.Debug|ARM.ActiveCfg = Debug|iPhoneSimulator
		{E674D045-7C60-47AC-A531-BAAAFFD26840}.Debug|ARM64.ActiveCfg = Debug|iPhoneSimulator
		{E674D045-7C60-47AC-A531-BAAAFFD26840}.Debug|iPhone.ActiveCfg = Debug|iPhone
		{E674D045-7C60-47AC-A531-BAAAFFD26840}.Debug|iPhone.Build.0 = Debug|iPhone
		{E674D045-7C60-47AC-A531-BAAAFFD26840}.Debug|iPhoneSimulator.ActiveCfg = Debug|iPhoneSimulator
		{E674D045-7C60-47AC-A531-BAAAFFD26840}.Debug|iPhoneSimulator.Build.0 = Debug|iPhoneSimulator
		{E674D045-7C60-47AC-A531-BAAAFFD26840}.Debug|x64.ActiveCfg = Debug|iPhoneSimulator
		{E674D045-7C60-47AC-A531-BAAAFFD26840}.Debug|x86.ActiveCfg = Debug|iPhoneSimulator
		{E674D045-7C60-47AC-A531-BAAAFFD26840}.Release|Any CPU.ActiveCfg = Release|iPhoneSimulator
		{E674D045-7C60-47AC-A531-BAAAFFD26840}.Release|ARM.ActiveCfg = Release|iPhoneSimulator
		{E674D045-7C60-47AC-A531-BAAAFFD26840}.Release|ARM64.ActiveCfg = Release|iPhoneSimulator
		{E674D045-7C60-47AC-A531-BAAAFFD26840}.Release|iPhone.ActiveCfg = Release|iPhone
		{E674D045-7C60-47AC-A531-BAAAFFD26840}.Release|iPhone.Build.0 = Release|iPhone
		{E674D045-7C60-47AC-A531-BAAAFFD26840}.Release|iPhoneSimulator.ActiveCfg = Release|iPhoneSimulator
		{E674D045-7C60-47AC-A531-BAAAFFD26840}.Release|iPhoneSimulator.Build.0 = Release|iPhoneSimulator
		{E674D045-7C60-47AC-A531-BAAAFFD26840}.Release|x64.ActiveCfg = Release|iPhoneSimulator
		{E674D045-7C60-47AC-A531-BAAAFFD26840}.Release|x86.ActiveCfg = Release|iPhoneSimulator
		{B6F7D1F0-D460-43EA-82B7-5FE43CDF8680}.Ad-Hoc|Any CPU.ActiveCfg = Debug|x86
		{B6F7D1F0-D460-43EA-82B7-5FE43CDF8680}.Ad-Hoc|Any CPU.Build.0 = Debug|x86
		{B6F7D1F0-D460-43EA-82B7-5FE43CDF8680}.Ad-Hoc|Any CPU.Deploy.0 = Debug|x86
		{B6F7D1F0-D460-43EA-82B7-5FE43CDF8680}.Ad-Hoc|ARM.ActiveCfg = Debug|ARM
		{B6F7D1F0-D460-43EA-82B7-5FE43CDF8680}.Ad-Hoc|ARM.Build.0 = Debug|ARM
		{B6F7D1F0-D460-43EA-82B7-5FE43CDF8680}.Ad-Hoc|ARM.Deploy.0 = Debug|ARM
		{B6F7D1F0-D460-43EA-82B7-5FE43CDF8680}.Ad-Hoc|ARM64.ActiveCfg = Debug|ARM64
		{B6F7D1F0-D460-43EA-82B7-5FE43CDF8680}.Ad-Hoc|ARM64.Build.0 = Debug|ARM64
		{B6F7D1F0-D460-43EA-82B7-5FE43CDF8680}.Ad-Hoc|ARM64.Deploy.0 = Debug|ARM64
		{B6F7D1F0-D460-43EA-82B7-5FE43CDF8680}.Ad-Hoc|iPhone.ActiveCfg = Debug|x86
		{B6F7D1F0-D460-43EA-82B7-5FE43CDF8680}.Ad-Hoc|iPhone.Build.0 = Debug|x86
		{B6F7D1F0-D460-43EA-82B7-5FE43CDF8680}.Ad-Hoc|iPhone.Deploy.0 = Debug|x86
		{B6F7D1F0-D460-43EA-82B7-5FE43CDF8680}.Ad-Hoc|iPhoneSimulator.ActiveCfg = Debug|x86
		{B6F7D1F0-D460-43EA-82B7-5FE43CDF8680}.Ad-Hoc|iPhoneSimulator.Build.0 = Debug|x86
		{B6F7D1F0-D460-43EA-82B7-5FE43CDF8680}.Ad-Hoc|iPhoneSimulator.Deploy.0 = Debug|x86
		{B6F7D1F0-D460-43EA-82B7-5FE43CDF8680}.Ad-Hoc|x64.ActiveCfg = Debug|x64
		{B6F7D1F0-D460-43EA-82B7-5FE43CDF8680}.Ad-Hoc|x64.Build.0 = Debug|x64
		{B6F7D1F0-D460-43EA-82B7-5FE43CDF8680}.Ad-Hoc|x64.Deploy.0 = Debug|x64
		{B6F7D1F0-D460-43EA-82B7-5FE43CDF8680}.Ad-Hoc|x86.ActiveCfg = Debug|x86
		{B6F7D1F0-D460-43EA-82B7-5FE43CDF8680}.Ad-Hoc|x86.Build.0 = Debug|x86
		{B6F7D1F0-D460-43EA-82B7-5FE43CDF8680}.Ad-Hoc|x86.Deploy.0 = Debug|x86
		{B6F7D1F0-D460-43EA-82B7-5FE43CDF8680}.AppStore|Any CPU.ActiveCfg = Debug|x86
		{B6F7D1F0-D460-43EA-82B7-5FE43CDF8680}.AppStore|Any CPU.Build.0 = Debug|x86
		{B6F7D1F0-D460-43EA-82B7-5FE43CDF8680}.AppStore|Any CPU.Deploy.0 = Debug|x86
		{B6F7D1F0-D460-43EA-82B7-5FE43CDF8680}.AppStore|ARM.ActiveCfg = Debug|ARM
		{B6F7D1F0-D460-43EA-82B7-5FE43CDF8680}.AppStore|ARM.Build.0 = Debug|ARM
		{B6F7D1F0-D460-43EA-82B7-5FE43CDF8680}.AppStore|ARM.Deploy.0 = Debug|ARM
		{B6F7D1F0-D460-43EA-82B7-5FE43CDF8680}.AppStore|ARM64.ActiveCfg = Debug|ARM64
		{B6F7D1F0-D460-43EA-82B7-5FE43CDF8680}.AppStore|ARM64.Build.0 = Debug|ARM64
		{B6F7D1F0-D460-43EA-82B7-5FE43CDF8680}.AppStore|ARM64.Deploy.0 = Debug|ARM64
		{B6F7D1F0-D460-43EA-82B7-5FE43CDF8680}.AppStore|iPhone.ActiveCfg = Debug|x86
		{B6F7D1F0-D460-43EA-82B7-5FE43CDF8680}.AppStore|iPhone.Build.0 = Debug|x86
		{B6F7D1F0-D460-43EA-82B7-5FE43CDF8680}.AppStore|iPhone.Deploy.0 = Debug|x86
		{B6F7D1F0-D460-43EA-82B7-5FE43CDF8680}.AppStore|iPhoneSimulator.ActiveCfg = Debug|x86
		{B6F7D1F0-D460-43EA-82B7-5FE43CDF8680}.AppStore|iPhoneSimulator.Build.0 = Debug|x86
		{B6F7D1F0-D460-43EA-82B7-5FE43CDF8680}.AppStore|iPhoneSimulator.Deploy.0 = Debug|x86
		{B6F7D1F0-D460-43EA-82B7-5FE43CDF8680}.AppStore|x64.ActiveCfg = Debug|x64
		{B6F7D1F0-D460-43EA-82B7-5FE43CDF8680}.AppStore|x64.Build.0 = Debug|x64
		{B6F7D1F0-D460-43EA-82B7-5FE43CDF8680}.AppStore|x64.Deploy.0 = Debug|x64
		{B6F7D1F0-D460-43EA-82B7-5FE43CDF8680}.AppStore|x86.ActiveCfg = Debug|x86
		{B6F7D1F0-D460-43EA-82B7-5FE43CDF8680}.AppStore|x86.Build.0 = Debug|x86
		{B6F7D1F0-D460-43EA-82B7-5FE43CDF8680}.AppStore|x86.Deploy.0 = Debug|x86
		{B6F7D1F0-D460-43EA-82B7-5FE43CDF8680}.Debug|Any CPU.ActiveCfg = Debug|x86
		{B6F7D1F0-D460-43EA-82B7-5FE43CDF8680}.Debug|Any CPU.Build.0 = Debug|x86
		{B6F7D1F0-D460-43EA-82B7-5FE43CDF8680}.Debug|Any CPU.Deploy.0 = Debug|x86
		{B6F7D1F0-D460-43EA-82B7-5FE43CDF8680}.Debug|ARM.ActiveCfg = Debug|ARM
		{B6F7D1F0-D460-43EA-82B7-5FE43CDF8680}.Debug|ARM.Build.0 = Debug|ARM
		{B6F7D1F0-D460-43EA-82B7-5FE43CDF8680}.Debug|ARM.Deploy.0 = Debug|ARM
		{B6F7D1F0-D460-43EA-82B7-5FE43CDF8680}.Debug|ARM64.ActiveCfg = Debug|ARM64
		{B6F7D1F0-D460-43EA-82B7-5FE43CDF8680}.Debug|ARM64.Build.0 = Debug|ARM64
		{B6F7D1F0-D460-43EA-82B7-5FE43CDF8680}.Debug|ARM64.Deploy.0 = Debug|ARM64
		{B6F7D1F0-D460-43EA-82B7-5FE43CDF8680}.Debug|iPhone.ActiveCfg = Debug|x86
		{B6F7D1F0-D460-43EA-82B7-5FE43CDF8680}.Debug|iPhoneSimulator.ActiveCfg = Debug|x86
		{B6F7D1F0-D460-43EA-82B7-5FE43CDF8680}.Debug|iPhoneSimulator.Build.0 = Debug|x86
		{B6F7D1F0-D460-43EA-82B7-5FE43CDF8680}.Debug|iPhoneSimulator.Deploy.0 = Debug|x86
		{B6F7D1F0-D460-43EA-82B7-5FE43CDF8680}.Debug|x64.ActiveCfg = Debug|x64
		{B6F7D1F0-D460-43EA-82B7-5FE43CDF8680}.Debug|x64.Build.0 = Debug|x64
		{B6F7D1F0-D460-43EA-82B7-5FE43CDF8680}.Debug|x64.Deploy.0 = Debug|x64
		{B6F7D1F0-D460-43EA-82B7-5FE43CDF8680}.Debug|x86.ActiveCfg = Debug|x86
		{B6F7D1F0-D460-43EA-82B7-5FE43CDF8680}.Debug|x86.Build.0 = Debug|x86
		{B6F7D1F0-D460-43EA-82B7-5FE43CDF8680}.Debug|x86.Deploy.0 = Debug|x86
		{B6F7D1F0-D460-43EA-82B7-5FE43CDF8680}.Release|Any CPU.ActiveCfg = Release|x86
		{B6F7D1F0-D460-43EA-82B7-5FE43CDF8680}.Release|ARM.ActiveCfg = Release|ARM
		{B6F7D1F0-D460-43EA-82B7-5FE43CDF8680}.Release|ARM.Build.0 = Release|ARM
		{B6F7D1F0-D460-43EA-82B7-5FE43CDF8680}.Release|ARM.Deploy.0 = Release|ARM
		{B6F7D1F0-D460-43EA-82B7-5FE43CDF8680}.Release|ARM64.ActiveCfg = Release|ARM64
		{B6F7D1F0-D460-43EA-82B7-5FE43CDF8680}.Release|ARM64.Build.0 = Release|ARM64
		{B6F7D1F0-D460-43EA-82B7-5FE43CDF8680}.Release|ARM64.Deploy.0 = Release|ARM64
		{B6F7D1F0-D460-43EA-82B7-5FE43CDF8680}.Release|iPhone.ActiveCfg = Release|x86
		{B6F7D1F0-D460-43EA-82B7-5FE43CDF8680}.Release|iPhoneSimulator.ActiveCfg = Release|x86
		{B6F7D1F0-D460-43EA-82B7-5FE43CDF8680}.Release|x64.ActiveCfg = Release|x64
		{B6F7D1F0-D460-43EA-82B7-5FE43CDF8680}.Release|x64.Build.0 = Release|x64
		{B6F7D1F0-D460-43EA-82B7-5FE43CDF8680}.Release|x64.Deploy.0 = Release|x64
		{B6F7D1F0-D460-43EA-82B7-5FE43CDF8680}.Release|x86.ActiveCfg = Release|x86
		{B6F7D1F0-D460-43EA-82B7-5FE43CDF8680}.Release|x86.Build.0 = Release|x86
		{B6F7D1F0-D460-43EA-82B7-5FE43CDF8680}.Release|x86.Deploy.0 = Release|x86
		{351684E9-0BDD-4EDE-B031-AA92D586B67C}.Ad-Hoc|Any CPU.ActiveCfg = Debug|Any CPU
		{351684E9-0BDD-4EDE-B031-AA92D586B67C}.Ad-Hoc|Any CPU.Build.0 = Debug|Any CPU
		{351684E9-0BDD-4EDE-B031-AA92D586B67C}.Ad-Hoc|ARM.ActiveCfg = Debug|Any CPU
		{351684E9-0BDD-4EDE-B031-AA92D586B67C}.Ad-Hoc|ARM.Build.0 = Debug|Any CPU
		{351684E9-0BDD-4EDE-B031-AA92D586B67C}.Ad-Hoc|ARM64.ActiveCfg = Debug|Any CPU
		{351684E9-0BDD-4EDE-B031-AA92D586B67C}.Ad-Hoc|ARM64.Build.0 = Debug|Any CPU
		{351684E9-0BDD-4EDE-B031-AA92D586B67C}.Ad-Hoc|iPhone.ActiveCfg = Debug|Any CPU
		{351684E9-0BDD-4EDE-B031-AA92D586B67C}.Ad-Hoc|iPhone.Build.0 = Debug|Any CPU
		{351684E9-0BDD-4EDE-B031-AA92D586B67C}.Ad-Hoc|iPhoneSimulator.ActiveCfg = Debug|Any CPU
		{351684E9-0BDD-4EDE-B031-AA92D586B67C}.Ad-Hoc|iPhoneSimulator.Build.0 = Debug|Any CPU
		{351684E9-0BDD-4EDE-B031-AA92D586B67C}.Ad-Hoc|x64.ActiveCfg = Debug|Any CPU
		{351684E9-0BDD-4EDE-B031-AA92D586B67C}.Ad-Hoc|x64.Build.0 = Debug|Any CPU
		{351684E9-0BDD-4EDE-B031-AA92D586B67C}.Ad-Hoc|x86.ActiveCfg = Debug|Any CPU
		{351684E9-0BDD-4EDE-B031-AA92D586B67C}.Ad-Hoc|x86.Build.0 = Debug|Any CPU
		{351684E9-0BDD-4EDE-B031-AA92D586B67C}.AppStore|Any CPU.ActiveCfg = Debug|Any CPU
		{351684E9-0BDD-4EDE-B031-AA92D586B67C}.AppStore|Any CPU.Build.0 = Debug|Any CPU
		{351684E9-0BDD-4EDE-B031-AA92D586B67C}.AppStore|ARM.ActiveCfg = Debug|Any CPU
		{351684E9-0BDD-4EDE-B031-AA92D586B67C}.AppStore|ARM.Build.0 = Debug|Any CPU
		{351684E9-0BDD-4EDE-B031-AA92D586B67C}.AppStore|ARM64.ActiveCfg = Debug|Any CPU
		{351684E9-0BDD-4EDE-B031-AA92D586B67C}.AppStore|ARM64.Build.0 = Debug|Any CPU
		{351684E9-0BDD-4EDE-B031-AA92D586B67C}.AppStore|iPhone.ActiveCfg = Debug|Any CPU
		{351684E9-0BDD-4EDE-B031-AA92D586B67C}.AppStore|iPhone.Build.0 = Debug|Any CPU
		{351684E9-0BDD-4EDE-B031-AA92D586B67C}.AppStore|iPhoneSimulator.ActiveCfg = Debug|Any CPU
		{351684E9-0BDD-4EDE-B031-AA92D586B67C}.AppStore|iPhoneSimulator.Build.0 = Debug|Any CPU
		{351684E9-0BDD-4EDE-B031-AA92D586B67C}.AppStore|x64.ActiveCfg = Debug|Any CPU
		{351684E9-0BDD-4EDE-B031-AA92D586B67C}.AppStore|x64.Build.0 = Debug|Any CPU
		{351684E9-0BDD-4EDE-B031-AA92D586B67C}.AppStore|x86.ActiveCfg = Debug|Any CPU
		{351684E9-0BDD-4EDE-B031-AA92D586B67C}.AppStore|x86.Build.0 = Debug|Any CPU
		{351684E9-0BDD-4EDE-B031-AA92D586B67C}.Debug|Any CPU.ActiveCfg = Debug|Any CPU
		{351684E9-0BDD-4EDE-B031-AA92D586B67C}.Debug|ARM.ActiveCfg = Debug|Any CPU
		{351684E9-0BDD-4EDE-B031-AA92D586B67C}.Debug|ARM.Build.0 = Debug|Any CPU
		{351684E9-0BDD-4EDE-B031-AA92D586B67C}.Debug|ARM64.ActiveCfg = Debug|Any CPU
		{351684E9-0BDD-4EDE-B031-AA92D586B67C}.Debug|ARM64.Build.0 = Debug|Any CPU
		{351684E9-0BDD-4EDE-B031-AA92D586B67C}.Debug|iPhone.ActiveCfg = Debug|Any CPU
		{351684E9-0BDD-4EDE-B031-AA92D586B67C}.Debug|iPhone.Build.0 = Debug|Any CPU
		{351684E9-0BDD-4EDE-B031-AA92D586B67C}.Debug|iPhoneSimulator.ActiveCfg = Debug|Any CPU
		{351684E9-0BDD-4EDE-B031-AA92D586B67C}.Debug|iPhoneSimulator.Build.0 = Debug|Any CPU
		{351684E9-0BDD-4EDE-B031-AA92D586B67C}.Debug|x64.ActiveCfg = Debug|Any CPU
		{351684E9-0BDD-4EDE-B031-AA92D586B67C}.Debug|x64.Build.0 = Debug|Any CPU
		{351684E9-0BDD-4EDE-B031-AA92D586B67C}.Debug|x86.ActiveCfg = Debug|Any CPU
		{351684E9-0BDD-4EDE-B031-AA92D586B67C}.Release|Any CPU.ActiveCfg = Release|Any CPU
		{351684E9-0BDD-4EDE-B031-AA92D586B67C}.Release|Any CPU.Build.0 = Release|Any CPU
		{351684E9-0BDD-4EDE-B031-AA92D586B67C}.Release|ARM.ActiveCfg = Release|Any CPU
		{351684E9-0BDD-4EDE-B031-AA92D586B67C}.Release|ARM.Build.0 = Release|Any CPU
		{351684E9-0BDD-4EDE-B031-AA92D586B67C}.Release|ARM64.ActiveCfg = Release|Any CPU
		{351684E9-0BDD-4EDE-B031-AA92D586B67C}.Release|ARM64.Build.0 = Release|Any CPU
		{351684E9-0BDD-4EDE-B031-AA92D586B67C}.Release|iPhone.ActiveCfg = Release|Any CPU
		{351684E9-0BDD-4EDE-B031-AA92D586B67C}.Release|iPhone.Build.0 = Release|Any CPU
		{351684E9-0BDD-4EDE-B031-AA92D586B67C}.Release|iPhoneSimulator.ActiveCfg = Release|Any CPU
		{351684E9-0BDD-4EDE-B031-AA92D586B67C}.Release|iPhoneSimulator.Build.0 = Release|Any CPU
		{351684E9-0BDD-4EDE-B031-AA92D586B67C}.Release|x64.ActiveCfg = Release|Any CPU
		{351684E9-0BDD-4EDE-B031-AA92D586B67C}.Release|x64.Build.0 = Release|Any CPU
		{351684E9-0BDD-4EDE-B031-AA92D586B67C}.Release|x86.ActiveCfg = Release|Any CPU
		{351684E9-0BDD-4EDE-B031-AA92D586B67C}.Release|x86.Build.0 = Release|Any CPU
		{5C1CAEC6-2F9B-4A14-8B3F-90D16B579F0A}.Ad-Hoc|Any CPU.ActiveCfg = Debug|iPhoneSimulator
		{5C1CAEC6-2F9B-4A14-8B3F-90D16B579F0A}.Ad-Hoc|Any CPU.Build.0 = Debug|iPhoneSimulator
		{5C1CAEC6-2F9B-4A14-8B3F-90D16B579F0A}.Ad-Hoc|ARM.ActiveCfg = Debug|iPhoneSimulator
		{5C1CAEC6-2F9B-4A14-8B3F-90D16B579F0A}.Ad-Hoc|ARM.Build.0 = Debug|iPhoneSimulator
		{5C1CAEC6-2F9B-4A14-8B3F-90D16B579F0A}.Ad-Hoc|ARM64.ActiveCfg = Debug|iPhoneSimulator
		{5C1CAEC6-2F9B-4A14-8B3F-90D16B579F0A}.Ad-Hoc|ARM64.Build.0 = Debug|iPhoneSimulator
		{5C1CAEC6-2F9B-4A14-8B3F-90D16B579F0A}.Ad-Hoc|iPhone.ActiveCfg = Debug|iPhoneSimulator
		{5C1CAEC6-2F9B-4A14-8B3F-90D16B579F0A}.Ad-Hoc|iPhone.Build.0 = Debug|iPhoneSimulator
		{5C1CAEC6-2F9B-4A14-8B3F-90D16B579F0A}.Ad-Hoc|iPhoneSimulator.ActiveCfg = Debug|iPhoneSimulator
		{5C1CAEC6-2F9B-4A14-8B3F-90D16B579F0A}.Ad-Hoc|iPhoneSimulator.Build.0 = Debug|iPhoneSimulator
		{5C1CAEC6-2F9B-4A14-8B3F-90D16B579F0A}.Ad-Hoc|x64.ActiveCfg = Debug|iPhoneSimulator
		{5C1CAEC6-2F9B-4A14-8B3F-90D16B579F0A}.Ad-Hoc|x64.Build.0 = Debug|iPhoneSimulator
		{5C1CAEC6-2F9B-4A14-8B3F-90D16B579F0A}.Ad-Hoc|x86.ActiveCfg = Debug|iPhoneSimulator
		{5C1CAEC6-2F9B-4A14-8B3F-90D16B579F0A}.Ad-Hoc|x86.Build.0 = Debug|iPhoneSimulator
		{5C1CAEC6-2F9B-4A14-8B3F-90D16B579F0A}.AppStore|Any CPU.ActiveCfg = Debug|iPhoneSimulator
		{5C1CAEC6-2F9B-4A14-8B3F-90D16B579F0A}.AppStore|Any CPU.Build.0 = Debug|iPhoneSimulator
		{5C1CAEC6-2F9B-4A14-8B3F-90D16B579F0A}.AppStore|ARM.ActiveCfg = Debug|iPhoneSimulator
		{5C1CAEC6-2F9B-4A14-8B3F-90D16B579F0A}.AppStore|ARM.Build.0 = Debug|iPhoneSimulator
		{5C1CAEC6-2F9B-4A14-8B3F-90D16B579F0A}.AppStore|ARM64.ActiveCfg = Debug|iPhoneSimulator
		{5C1CAEC6-2F9B-4A14-8B3F-90D16B579F0A}.AppStore|ARM64.Build.0 = Debug|iPhoneSimulator
		{5C1CAEC6-2F9B-4A14-8B3F-90D16B579F0A}.AppStore|iPhone.ActiveCfg = Debug|iPhoneSimulator
		{5C1CAEC6-2F9B-4A14-8B3F-90D16B579F0A}.AppStore|iPhone.Build.0 = Debug|iPhoneSimulator
		{5C1CAEC6-2F9B-4A14-8B3F-90D16B579F0A}.AppStore|iPhoneSimulator.ActiveCfg = Debug|iPhoneSimulator
		{5C1CAEC6-2F9B-4A14-8B3F-90D16B579F0A}.AppStore|iPhoneSimulator.Build.0 = Debug|iPhoneSimulator
		{5C1CAEC6-2F9B-4A14-8B3F-90D16B579F0A}.AppStore|x64.ActiveCfg = Debug|iPhoneSimulator
		{5C1CAEC6-2F9B-4A14-8B3F-90D16B579F0A}.AppStore|x64.Build.0 = Debug|iPhoneSimulator
		{5C1CAEC6-2F9B-4A14-8B3F-90D16B579F0A}.AppStore|x86.ActiveCfg = Debug|iPhoneSimulator
		{5C1CAEC6-2F9B-4A14-8B3F-90D16B579F0A}.AppStore|x86.Build.0 = Debug|iPhoneSimulator
		{5C1CAEC6-2F9B-4A14-8B3F-90D16B579F0A}.Debug|Any CPU.ActiveCfg = Debug|iPhoneSimulator
		{5C1CAEC6-2F9B-4A14-8B3F-90D16B579F0A}.Debug|Any CPU.Build.0 = Debug|iPhoneSimulator
		{5C1CAEC6-2F9B-4A14-8B3F-90D16B579F0A}.Debug|ARM.ActiveCfg = Debug|iPhoneSimulator
		{5C1CAEC6-2F9B-4A14-8B3F-90D16B579F0A}.Debug|ARM64.ActiveCfg = Debug|iPhoneSimulator
		{5C1CAEC6-2F9B-4A14-8B3F-90D16B579F0A}.Debug|iPhone.ActiveCfg = Debug|iPhoneSimulator
		{5C1CAEC6-2F9B-4A14-8B3F-90D16B579F0A}.Debug|iPhoneSimulator.ActiveCfg = Debug|iPhoneSimulator
		{5C1CAEC6-2F9B-4A14-8B3F-90D16B579F0A}.Debug|iPhoneSimulator.Build.0 = Debug|iPhoneSimulator
		{5C1CAEC6-2F9B-4A14-8B3F-90D16B579F0A}.Debug|x64.ActiveCfg = Debug|iPhoneSimulator
		{5C1CAEC6-2F9B-4A14-8B3F-90D16B579F0A}.Debug|x86.ActiveCfg = Debug|iPhoneSimulator
		{5C1CAEC6-2F9B-4A14-8B3F-90D16B579F0A}.Release|Any CPU.ActiveCfg = Release|iPhoneSimulator
		{5C1CAEC6-2F9B-4A14-8B3F-90D16B579F0A}.Release|ARM.ActiveCfg = Release|iPhoneSimulator
		{5C1CAEC6-2F9B-4A14-8B3F-90D16B579F0A}.Release|ARM64.ActiveCfg = Release|iPhoneSimulator
		{5C1CAEC6-2F9B-4A14-8B3F-90D16B579F0A}.Release|iPhone.ActiveCfg = Release|iPhoneSimulator
		{5C1CAEC6-2F9B-4A14-8B3F-90D16B579F0A}.Release|iPhoneSimulator.ActiveCfg = Release|iPhoneSimulator
		{5C1CAEC6-2F9B-4A14-8B3F-90D16B579F0A}.Release|iPhoneSimulator.Build.0 = Release|iPhoneSimulator
		{5C1CAEC6-2F9B-4A14-8B3F-90D16B579F0A}.Release|x64.ActiveCfg = Release|iPhoneSimulator
		{5C1CAEC6-2F9B-4A14-8B3F-90D16B579F0A}.Release|x86.ActiveCfg = Release|iPhoneSimulator
	EndGlobalSection
	GlobalSection(SolutionProperties) = preSolution
		HideSolutionNode = FALSE
	EndGlobalSection
	GlobalSection(NestedProjects) = preSolution
		{5AA4C306-C79C-442E-94E2-06CD4F5D14E7} = {9C935FEA-E11D-4C1F-A16C-6EC6EF544C62}
		{E674D045-7C60-47AC-A531-BAAAFFD26840} = {9C935FEA-E11D-4C1F-A16C-6EC6EF544C62}
		{B6F7D1F0-D460-43EA-82B7-5FE43CDF8680} = {9C935FEA-E11D-4C1F-A16C-6EC6EF544C62}
		{351684E9-0BDD-4EDE-B031-AA92D586B67C} = {9C935FEA-E11D-4C1F-A16C-6EC6EF544C62}
		{5C1CAEC6-2F9B-4A14-8B3F-90D16B579F0A} = {9C935FEA-E11D-4C1F-A16C-6EC6EF544C62}
	EndGlobalSection
	GlobalSection(ExtensibilityGlobals) = postSolution
		SolutionGuid = {C96F92F9-E27B-45A8-AA43-E979E459033A}
	EndGlobalSection
EndGlobal
